{
  "name": "gym-scheduler",
  "version": "1.0.0",
  "lockfileVersion": 1,
  "requires": true,
  "dependencies": {
    "@types/node": {
      "version": "18.11.7",
      "resolved": "https://registry.npmjs.org/@types/node/-/node-18.11.7.tgz",
      "integrity": "sha512-LhFTglglr63mNXUSRYD8A+ZAIu5sFqNJ4Y2fPuY7UlrySJH87rRRlhtVmMHplmfk5WkoJGmDjE9oiTfyX94CpQ==",
      "dev": true
    },
    "dotenv": {
      "version": "16.0.3",
      "resolved": "https://registry.npmjs.org/dotenv/-/dotenv-16.0.3.tgz",
      "integrity": "sha512-7GO6HghkA5fYG9TYnNxi14/7K9f5occMlp3zXAuSxn7CKCxt9xbNWG7yF8hTCSUchlfWSe3uLmlPfigevRItzQ=="
    },
    "playwright-chromium": {
      "version": "1.27.1",
      "resolved": "https://registry.npmjs.org/playwright-chromium/-/playwright-chromium-1.27.1.tgz",
      "integrity": "sha512-AXAfmNHVnqByo7dKLwLqEC3aKIUlATwDUHCBwVw/qyRCgGUEoufeFUxFXB7pJ4nppwThph7TFe3fHfoETPqSvg==",
      "requires": {
        "playwright-core": "1.27.1"
      }
    },
    "playwright-core": {
      "version": "1.27.1",
      "resolved": "https://registry.npmjs.org/playwright-core/-/playwright-core-1.27.1.tgz",
      "integrity": "sha512-9EmeXDncC2Pmp/z+teoVYlvmPWUC6ejSSYZUln7YaP89Z6lpAaiaAnqroUt/BoLo8tn7WYShcfaCh+xofZa44Q=="
    },
    "typescript": {
      "version": "4.8.4",
      "resolved": "https://registry.npmjs.org/typescript/-/typescript-4.8.4.tgz",
      "integrity": "sha512-QCh+85mCy+h0IGff8r5XWzOVSbBO+KfeYrMQh7NJ58QujwcE22u+NUSmUxqF+un70P9GXKxa2HCNiTTMJknyjQ=="
    }
  }
}
